
Microsoft Visual Studio Solution File, Format Version 12.00
# Visual Studio Version 16
VisualStudioVersion = 16.0.30225.117
MinimumVisualStudioVersion = 10.0.40219.1
Project("{8BC9CEB8-8B4A-11D0-8D11-00A0C91BC942}") = "MyPlugin8", "MyPlugin8.vcxproj", "{D0F8FEDC-99B2-499F-A4CB-DB793B77295B}"
EndProject
Global
	GlobalSection(SolutionConfigurationPlatforms) = preSolution
		Debug|x64 = Debug|x64
		Debug|x86 = Debug|x86
		Release|x64 = Release|x64
		Release|x86 = Release|x86
	EndGlobalSection
	GlobalSection(ProjectConfigurationPlatforms) = postSolution
		{D0F8FEDC-99B2-499F-A4CB-DB793B77295B}.Debug|x64.ActiveCfg = Debug|x64
		{D0F8FEDC-99B2-499F-A4CB-DB793B77295B}.Debug|x64.Build.0 = Debug|x64
		{D0F8FEDC-99B2-499F-A4CB-DB793B77295B}.Debug|x86.ActiveCfg = Debug|Win32
		{D0F8FEDC-99B2-499F-A4CB-DB793B77295B}.Debug|x86.Build.0 = Debug|Win32
		{D0F8FEDC-99B2-499F-A4CB-DB793B77295B}.Release|x64.ActiveCfg = Release|x64
		{D0F8FEDC-99B2-499F-A4CB-DB793B77295B}.Release|x64.Build.0 = Release|x64
		{D0F8FEDC-99B2-499F-A4CB-DB793B77295B}.Release|x86.ActiveCfg = Release|Win32
		{D0F8FEDC-99B2-499F-A4CB-DB793B77295B}.Release|x86.Build.0 = Release|Win32
	EndGlobalSection
	GlobalSection(SolutionProperties) = preSolution
		HideSolutionNode = FALSE
	EndGlobalSection
	GlobalSection(ExtensibilityGlobals) = postSolution
		SolutionGuid = {B046DED3-225C-4216-96C7-6F219D98D31D}
	EndGlobalSection
EndGlobal
